
Microsoft Visual Studio Solution File, Format Version 12.00
# Visual Studio Version 17
VisualStudioVersion = 17.0.31903.59
MinimumVisualStudioVersion = 10.0.40219.1
Project("{2150E333-8FDC-42A3-9474-1A3956D46DE8}") = "Common", "Common", "{88C5909E-C9C0-4E02-86EE-699EE50EA8C6}"
EndProject
Project("{9A19103F-16F7-4668-BE54-9A1E7A4F7556}") = "ConfigurationService", "Common\ConfigurationService\ConfigurationService.csproj", "{F0C5DA75-3843-4493-9E62-072A73C8EE59}"
EndProject
Project("{9A19103F-16F7-4668-BE54-9A1E7A4F7556}") = "LoggingService", "Common\LoggingService\LoggingService.csproj", "{A6B1A167-10C0-488F-975B-5C6A7C9A9466}"
EndProject
Project("{9A19103F-16F7-4668-BE54-9A1E7A4F7556}") = "CommonService", "Common\CommonService\CommonService.csproj", "{2BAACDE7-06A2-4636-9AE5-CEB22D60618C}"
EndProject
Project("{2150E333-8FDC-42A3-9474-1A3956D46DE8}") = "Dashboard", "Dashboard", "{42259712-D9F0-4346-AFD0-704A45C21E2A}"
EndProject
Project("{9A19103F-16F7-4668-BE54-9A1E7A4F7556}") = "DashboardAPI", "Dashboard\DashboardAPI\DashboardAPI.csproj", "{51166847-5CD4-4B38-B4E4-1E7F52E2AED1}"
EndProject
Project("{9A19103F-16F7-4668-BE54-9A1E7A4F7556}") = "DashboardService", "Dashboard\DashboardService\DashboardService.csproj", "{C51DCE72-A9C9-4B37-9C72-6E9DCB3B7469}"
EndProject
Project("{9A19103F-16F7-4668-BE54-9A1E7A4F7556}") = "DashboardInterfaces", "Dashboard\DashboardInterfaces\DashboardInterfaces.csproj", "{FDD0E2FD-EE45-43CA-BA26-C66694630C48}"
EndProject
Project("{9A19103F-16F7-4668-BE54-9A1E7A4F7556}") = "DashboardService.NunitTest", "Dashboard\DashboardService.NunitTest\DashboardService.NunitTest.csproj", "{2794D41B-58C3-42A4-A4E3-AAA0C051006C}"
EndProject
Project("{2150E333-8FDC-42A3-9474-1A3956D46DE8}") = "History", "History", "{29F0F92B-34C0-4D3F-8582-9BB3D695138A}"
EndProject
Project("{9A19103F-16F7-4668-BE54-9A1E7A4F7556}") = "HistoryAPI", "History\HistoryAPI\HistoryAPI.csproj", "{1E5D0075-A1FF-4816-964D-2FF29E3C0BF9}"
EndProject
Project("{9A19103F-16F7-4668-BE54-9A1E7A4F7556}") = "HistoryService", "History\HistoryService\HistoryService.csproj", "{4A0BF2D4-6768-4388-A729-F14C48A2B7A9}"
EndProject
Project("{9A19103F-16F7-4668-BE54-9A1E7A4F7556}") = "HistoryInterfaces", "History\HistoryInterfaces\HistoryInterfaces.csproj", "{B0A23A3C-698C-49DD-B4AE-32D74F8B59F4}"
EndProject
Project("{9A19103F-16F7-4668-BE54-9A1E7A4F7556}") = "HistoryService.NunitTest", "History\HistoryService.NunitTest\HistoryService.NunitTest.csproj", "{16564097-C23B-4245-A604-604C723E76B1}"
EndProject
Project("{2150E333-8FDC-42A3-9474-1A3956D46DE8}") = "MappingEngine", "MappingEngine", "{85B0174C-31BC-48C8-8217-8B598E7F8D30}"
EndProject
Project("{9A19103F-16F7-4668-BE54-9A1E7A4F7556}") = "MappingEngineAPI", "MappingEngine\MappingEngineAPI\MappingEngineAPI.csproj", "{1A5A5C88-D788-4367-86AE-22F4C4003233}"
EndProject
Project("{9A19103F-16F7-4668-BE54-9A1E7A4F7556}") = "MappingEngineInterfaces", "MappingEngine\MappingEngineInterfaces\MappingEngineInterfaces.csproj", "{2649A410-EEB5-453A-9182-321C61089A5D}"
EndProject
Project("{9A19103F-16F7-4668-BE54-9A1E7A4F7556}") = "MappingEngineService", "MappingEngine\MappingEngineService\MappingEngineService.csproj", "{1288F50B-7CBA-48F0-B39E-1B2B35825D9F}"
EndProject
Project("{9A19103F-16F7-4668-BE54-9A1E7A4F7556}") = "MappingEngineService.NunitTest", "MappingEngine\MappingEngineService.NunitTest\MappingEngineService.NunitTest.csproj", "{56C90F15-B4B9-4AAA-B277-A2EC1B8A4DFA}"
EndProject
Project("{2150E333-8FDC-42A3-9474-1A3956D46DE8}") = "CronCraft", "CronCraft", "{E68A3F21-D468-47BF-83DE-018E964CCC0C}"
EndProject
Project("{9A19103F-16F7-4668-BE54-9A1E7A4F7556}") = "CronCraftAPI", "CronCraft\CronCraftAPI\CronCraftAPI.csproj", "{9C5CE6F1-94B4-4513-B2D2-4A29555FF8A6}"
EndProject
Project("{9A19103F-16F7-4668-BE54-9A1E7A4F7556}") = "CronCraftService", "CronCraft\CronCraftService\CronCraftService.csproj", "{CE90832D-DEBB-47C0-92B4-D7FC06CA31BD}"
EndProject
Project("{9A19103F-16F7-4668-BE54-9A1E7A4F7556}") = "CronCraftInterfaces", "CronCraft\CronCraftInterfaces\CronCraftInterfaces.csproj", "{F4CB2500-3F03-43EB-8A65-D53FFCE27954}"
EndProject
Project("{9A19103F-16F7-4668-BE54-9A1E7A4F7556}") = "CronCraftService.NunitTest", "CronCraft\CronCraftService.NunitTest\CronCraftService.NunitTest.csproj", "{2AF31ADD-FEEE-4C5A-8C70-384A8897CD62}"
EndProject
Project("{2150E333-8FDC-42A3-9474-1A3956D46DE8}") = "TeamProfiles", "TeamProfiles", "{AFAAA81A-33BE-4E52-BDA9-41F1E431DF11}"
EndProject
Project("{FAE04EC0-301F-11D3-BF4B-00C04F79EFBC}") = "TeamProfilesAPI", "TeamProfiles\TeamProfilesAPI\TeamProfilesAPI.csproj", "{6903CA26-9F4B-4FE2-A4DC-3D5A7AC7DD0D}"
EndProject
Project("{FAE04EC0-301F-11D3-BF4B-00C04F79EFBC}") = "TeamProfilesInterfaces", "TeamProfiles\TeamProfilesInterfaces\TeamProfilesInterfaces.csproj", "{7B539AB7-ECA6-45C6-93C4-08479E46BC9A}"
EndProject
Project("{FAE04EC0-301F-11D3-BF4B-00C04F79EFBC}") = "TeamProfilesService", "TeamProfiles\TeamProfilesService\TeamProfilesService.csproj", "{5F2D8887-108A-4C17-AE9D-CF102D5155AC}"
EndProject
Project("{FAE04EC0-301F-11D3-BF4B-00C04F79EFBC}") = "TeamProfilesService.NunitTest", "TeamProfiles\TeamProfilesService.NunitTest\TeamProfilesService.NunitTest.csproj", "{72427F5C-4545-4771-9E54-F0B7A4D3F759}"
EndProject
Global
	GlobalSection(SolutionConfigurationPlatforms) = preSolution
		Debug|Any CPU = Debug|Any CPU
		Release|Any CPU = Release|Any CPU
	EndGlobalSection
	GlobalSection(ProjectConfigurationPlatforms) = postSolution
		{F0C5DA75-3843-4493-9E62-072A73C8EE59}.Debug|Any CPU.ActiveCfg = Debug|Any CPU
		{F0C5DA75-3843-4493-9E62-072A73C8EE59}.Debug|Any CPU.Build.0 = Debug|Any CPU
		{F0C5DA75-3843-4493-9E62-072A73C8EE59}.Release|Any CPU.ActiveCfg = Release|Any CPU
		{F0C5DA75-3843-4493-9E62-072A73C8EE59}.Release|Any CPU.Build.0 = Release|Any CPU
		{A6B1A167-10C0-488F-975B-5C6A7C9A9466}.Debug|Any CPU.ActiveCfg = Debug|Any CPU
		{A6B1A167-10C0-488F-975B-5C6A7C9A9466}.Debug|Any CPU.Build.0 = Debug|Any CPU
		{A6B1A167-10C0-488F-975B-5C6A7C9A9466}.Release|Any CPU.ActiveCfg = Release|Any CPU
		{A6B1A167-10C0-488F-975B-5C6A7C9A9466}.Release|Any CPU.Build.0 = Release|Any CPU
		{2BAACDE7-06A2-4636-9AE5-CEB22D60618C}.Debug|Any CPU.ActiveCfg = Debug|Any CPU
		{2BAACDE7-06A2-4636-9AE5-CEB22D60618C}.Debug|Any CPU.Build.0 = Debug|Any CPU
		{2BAACDE7-06A2-4636-9AE5-CEB22D60618C}.Release|Any CPU.ActiveCfg = Release|Any CPU
		{2BAACDE7-06A2-4636-9AE5-CEB22D60618C}.Release|Any CPU.Build.0 = Release|Any CPU
		{51166847-5CD4-4B38-B4E4-1E7F52E2AED1}.Debug|Any CPU.ActiveCfg = Debug|Any CPU
		{51166847-5CD4-4B38-B4E4-1E7F52E2AED1}.Debug|Any CPU.Build.0 = Debug|Any CPU
		{51166847-5CD4-4B38-B4E4-1E7F52E2AED1}.Release|Any CPU.ActiveCfg = Release|Any CPU
		{51166847-5CD4-4B38-B4E4-1E7F52E2AED1}.Release|Any CPU.Build.0 = Release|Any CPU
		{C51DCE72-A9C9-4B37-9C72-6E9DCB3B7469}.Debug|Any CPU.ActiveCfg = Debug|Any CPU
		{C51DCE72-A9C9-4B37-9C72-6E9DCB3B7469}.Debug|Any CPU.Build.0 = Debug|Any CPU
		{C51DCE72-A9C9-4B37-9C72-6E9DCB3B7469}.Release|Any CPU.ActiveCfg = Release|Any CPU
		{C51DCE72-A9C9-4B37-9C72-6E9DCB3B7469}.Release|Any CPU.Build.0 = Release|Any CPU
		{FDD0E2FD-EE45-43CA-BA26-C66694630C48}.Debug|Any CPU.ActiveCfg = Debug|Any CPU
		{FDD0E2FD-EE45-43CA-BA26-C66694630C48}.Debug|Any CPU.Build.0 = Debug|Any CPU
		{FDD0E2FD-EE45-43CA-BA26-C66694630C48}.Release|Any CPU.ActiveCfg = Release|Any CPU
		{FDD0E2FD-EE45-43CA-BA26-C66694630C48}.Release|Any CPU.Build.0 = Release|Any CPU
		{2794D41B-58C3-42A4-A4E3-AAA0C051006C}.Debug|Any CPU.ActiveCfg = Debug|Any CPU
		{2794D41B-58C3-42A4-A4E3-AAA0C051006C}.Debug|Any CPU.Build.0 = Debug|Any CPU
		{2794D41B-58C3-42A4-A4E3-AAA0C051006C}.Release|Any CPU.ActiveCfg = Release|Any CPU
		{2794D41B-58C3-42A4-A4E3-AAA0C051006C}.Release|Any CPU.Build.0 = Release|Any CPU
		{1E5D0075-A1FF-4816-964D-2FF29E3C0BF9}.Debug|Any CPU.ActiveCfg = Debug|Any CPU
		{1E5D0075-A1FF-4816-964D-2FF29E3C0BF9}.Debug|Any CPU.Build.0 = Debug|Any CPU
		{1E5D0075-A1FF-4816-964D-2FF29E3C0BF9}.Release|Any CPU.ActiveCfg = Release|Any CPU
		{1E5D0075-A1FF-4816-964D-2FF29E3C0BF9}.Release|Any CPU.Build.0 = Release|Any CPU
		{4A0BF2D4-6768-4388-A729-F14C48A2B7A9}.Debug|Any CPU.ActiveCfg = Debug|Any CPU
		{4A0BF2D4-6768-4388-A729-F14C48A2B7A9}.Debug|Any CPU.Build.0 = Debug|Any CPU
		{4A0BF2D4-6768-4388-A729-F14C48A2B7A9}.Release|Any CPU.ActiveCfg = Release|Any CPU
		{4A0BF2D4-6768-4388-A729-F14C48A2B7A9}.Release|Any CPU.Build.0 = Release|Any CPU
		{B0A23A3C-698C-49DD-B4AE-32D74F8B59F4}.Debug|Any CPU.ActiveCfg = Debug|Any CPU
		{B0A23A3C-698C-49DD-B4AE-32D74F8B59F4}.Debug|Any CPU.Build.0 = Debug|Any CPU
		{B0A23A3C-698C-49DD-B4AE-32D74F8B59F4}.Release|Any CPU.ActiveCfg = Release|Any CPU
		{B0A23A3C-698C-49DD-B4AE-32D74F8B59F4}.Release|Any CPU.Build.0 = Release|Any CPU
		{16564097-C23B-4245-A604-604C723E76B1}.Debug|Any CPU.ActiveCfg = Debug|Any CPU
		{16564097-C23B-4245-A604-604C723E76B1}.Debug|Any CPU.Build.0 = Debug|Any CPU
		{16564097-C23B-4245-A604-604C723E76B1}.Release|Any CPU.ActiveCfg = Release|Any CPU
		{16564097-C23B-4245-A604-604C723E76B1}.Release|Any CPU.Build.0 = Release|Any CPU
		{1A5A5C88-D788-4367-86AE-22F4C4003233}.Debug|Any CPU.ActiveCfg = Debug|Any CPU
		{1A5A5C88-D788-4367-86AE-22F4C4003233}.Debug|Any CPU.Build.0 = Debug|Any CPU
		{1A5A5C88-D788-4367-86AE-22F4C4003233}.Release|Any CPU.ActiveCfg = Release|Any CPU
		{1A5A5C88-D788-4367-86AE-22F4C4003233}.Release|Any CPU.Build.0 = Release|Any CPU
		{2649A410-EEB5-453A-9182-321C61089A5D}.Debug|Any CPU.ActiveCfg = Debug|Any CPU
		{2649A410-EEB5-453A-9182-321C61089A5D}.Debug|Any CPU.Build.0 = Debug|Any CPU
		{2649A410-EEB5-453A-9182-321C61089A5D}.Release|Any CPU.ActiveCfg = Release|Any CPU
		{2649A410-EEB5-453A-9182-321C61089A5D}.Release|Any CPU.Build.0 = Release|Any CPU
		{1288F50B-7CBA-48F0-B39E-1B2B35825D9F}.Debug|Any CPU.ActiveCfg = Debug|Any CPU
		{1288F50B-7CBA-48F0-B39E-1B2B35825D9F}.Debug|Any CPU.Build.0 = Debug|Any CPU
		{1288F50B-7CBA-48F0-B39E-1B2B35825D9F}.Release|Any CPU.ActiveCfg = Release|Any CPU
		{1288F50B-7CBA-48F0-B39E-1B2B35825D9F}.Release|Any CPU.Build.0 = Release|Any CPU
		{56C90F15-B4B9-4AAA-B277-A2EC1B8A4DFA}.Debug|Any CPU.ActiveCfg = Debug|Any CPU
		{56C90F15-B4B9-4AAA-B277-A2EC1B8A4DFA}.Debug|Any CPU.Build.0 = Debug|Any CPU
		{56C90F15-B4B9-4AAA-B277-A2EC1B8A4DFA}.Release|Any CPU.ActiveCfg = Release|Any CPU
		{56C90F15-B4B9-4AAA-B277-A2EC1B8A4DFA}.Release|Any CPU.Build.0 = Release|Any CPU
		{9C5CE6F1-94B4-4513-B2D2-4A29555FF8A6}.Debug|Any CPU.ActiveCfg = Debug|Any CPU
		{9C5CE6F1-94B4-4513-B2D2-4A29555FF8A6}.Debug|Any CPU.Build.0 = Debug|Any CPU
		{9C5CE6F1-94B4-4513-B2D2-4A29555FF8A6}.Release|Any CPU.ActiveCfg = Release|Any CPU
		{9C5CE6F1-94B4-4513-B2D2-4A29555FF8A6}.Release|Any CPU.Build.0 = Release|Any CPU
		{CE90832D-DEBB-47C0-92B4-D7FC06CA31BD}.Debug|Any CPU.ActiveCfg = Debug|Any CPU
		{CE90832D-DEBB-47C0-92B4-D7FC06CA31BD}.Debug|Any CPU.Build.0 = Debug|Any CPU
		{CE90832D-DEBB-47C0-92B4-D7FC06CA31BD}.Release|Any CPU.ActiveCfg = Release|Any CPU
		{CE90832D-DEBB-47C0-92B4-D7FC06CA31BD}.Release|Any CPU.Build.0 = Release|Any CPU
		{F4CB2500-3F03-43EB-8A65-D53FFCE27954}.Debug|Any CPU.ActiveCfg = Debug|Any CPU
		{F4CB2500-3F03-43EB-8A65-D53FFCE27954}.Debug|Any CPU.Build.0 = Debug|Any CPU
		{F4CB2500-3F03-43EB-8A65-D53FFCE27954}.Release|Any CPU.ActiveCfg = Release|Any CPU
		{F4CB2500-3F03-43EB-8A65-D53FFCE27954}.Release|Any CPU.Build.0 = Release|Any CPU
		{2AF31ADD-FEEE-4C5A-8C70-384A8897CD62}.Debug|Any CPU.ActiveCfg = Debug|Any CPU
		{2AF31ADD-FEEE-4C5A-8C70-384A8897CD62}.Debug|Any CPU.Build.0 = Debug|Any CPU
		{2AF31ADD-FEEE-4C5A-8C70-384A8897CD62}.Release|Any CPU.ActiveCfg = Release|Any CPU
		{2AF31ADD-FEEE-4C5A-8C70-384A8897CD62}.Release|Any CPU.Build.0 = Release|Any CPU
		{6903CA26-9F4B-4FE2-A4DC-3D5A7AC7DD0D}.Debug|Any CPU.ActiveCfg = Debug|Any CPU
		{6903CA26-9F4B-4FE2-A4DC-3D5A7AC7DD0D}.Debug|Any CPU.Build.0 = Debug|Any CPU
		{6903CA26-9F4B-4FE2-A4DC-3D5A7AC7DD0D}.Release|Any CPU.ActiveCfg = Release|Any CPU
		{6903CA26-9F4B-4FE2-A4DC-3D5A7AC7DD0D}.Release|Any CPU.Build.0 = Release|Any CPU
		{7B539AB7-ECA6-45C6-93C4-08479E46BC9A}.Debug|Any CPU.ActiveCfg = Debug|Any CPU
		{7B539AB7-ECA6-45C6-93C4-08479E46BC9A}.Debug|Any CPU.Build.0 = Debug|Any CPU
		{7B539AB7-ECA6-45C6-93C4-08479E46BC9A}.Release|Any CPU.ActiveCfg = Release|Any CPU
		{7B539AB7-ECA6-45C6-93C4-08479E46BC9A}.Release|Any CPU.Build.0 = Release|Any CPU
		{5F2D8887-108A-4C17-AE9D-CF102D5155AC}.Debug|Any CPU.ActiveCfg = Debug|Any CPU
		{5F2D8887-108A-4C17-AE9D-CF102D5155AC}.Debug|Any CPU.Build.0 = Debug|Any CPU
		{5F2D8887-108A-4C17-AE9D-CF102D5155AC}.Release|Any CPU.ActiveCfg = Release|Any CPU
		{5F2D8887-108A-4C17-AE9D-CF102D5155AC}.Release|Any CPU.Build.0 = Release|Any CPU
		{72427F5C-4545-4771-9E54-F0B7A4D3F759}.Debug|Any CPU.ActiveCfg = Debug|Any CPU
		{72427F5C-4545-4771-9E54-F0B7A4D3F759}.Debug|Any CPU.Build.0 = Debug|Any CPU
		{72427F5C-4545-4771-9E54-F0B7A4D3F759}.Release|Any CPU.ActiveCfg = Release|Any CPU
		{72427F5C-4545-4771-9E54-F0B7A4D3F759}.Release|Any CPU.Build.0 = Release|Any CPU
	EndGlobalSection
	GlobalSection(SolutionProperties) = preSolution
		HideSolutionNode = FALSE
	EndGlobalSection
	GlobalSection(NestedProjects) = preSolution
		{F0C5DA75-3843-4493-9E62-072A73C8EE59} = {88C5909E-C9C0-4E02-86EE-699EE50EA8C6}
		{A6B1A167-10C0-488F-975B-5C6A7C9A9466} = {88C5909E-C9C0-4E02-86EE-699EE50EA8C6}
		{2BAACDE7-06A2-4636-9AE5-CEB22D60618C} = {88C5909E-C9C0-4E02-86EE-699EE50EA8C6}
		{51166847-5CD4-4B38-B4E4-1E7F52E2AED1} = {42259712-D9F0-4346-AFD0-704A45C21E2A}
		{C51DCE72-A9C9-4B37-9C72-6E9DCB3B7469} = {42259712-D9F0-4346-AFD0-704A45C21E2A}
		{FDD0E2FD-EE45-43CA-BA26-C66694630C48} = {42259712-D9F0-4346-AFD0-704A45C21E2A}
		{2794D41B-58C3-42A4-A4E3-AAA0C051006C} = {42259712-D9F0-4346-AFD0-704A45C21E2A}
		{1E5D0075-A1FF-4816-964D-2FF29E3C0BF9} = {29F0F92B-34C0-4D3F-8582-9BB3D695138A}
		{4A0BF2D4-6768-4388-A729-F14C48A2B7A9} = {29F0F92B-34C0-4D3F-8582-9BB3D695138A}
		{B0A23A3C-698C-49DD-B4AE-32D74F8B59F4} = {29F0F92B-34C0-4D3F-8582-9BB3D695138A}
		{16564097-C23B-4245-A604-604C723E76B1} = {29F0F92B-34C0-4D3F-8582-9BB3D695138A}
		{1A5A5C88-D788-4367-86AE-22F4C4003233} = {85B0174C-31BC-48C8-8217-8B598E7F8D30}
		{2649A410-EEB5-453A-9182-321C61089A5D} = {85B0174C-31BC-48C8-8217-8B598E7F8D30}
		{1288F50B-7CBA-48F0-B39E-1B2B35825D9F} = {85B0174C-31BC-48C8-8217-8B598E7F8D30}
		{56C90F15-B4B9-4AAA-B277-A2EC1B8A4DFA} = {85B0174C-31BC-48C8-8217-8B598E7F8D30}
		{9C5CE6F1-94B4-4513-B2D2-4A29555FF8A6} = {E68A3F21-D468-47BF-83DE-018E964CCC0C}
		{CE90832D-DEBB-47C0-92B4-D7FC06CA31BD} = {E68A3F21-D468-47BF-83DE-018E964CCC0C}
		{F4CB2500-3F03-43EB-8A65-D53FFCE27954} = {E68A3F21-D468-47BF-83DE-018E964CCC0C}
		{2AF31ADD-FEEE-4C5A-8C70-384A8897CD62} = {E68A3F21-D468-47BF-83DE-018E964CCC0C}
		{6903CA26-9F4B-4FE2-A4DC-3D5A7AC7DD0D} = {AFAAA81A-33BE-4E52-BDA9-41F1E431DF11}
		{7B539AB7-ECA6-45C6-93C4-08479E46BC9A} = {AFAAA81A-33BE-4E52-BDA9-41F1E431DF11}
		{5F2D8887-108A-4C17-AE9D-CF102D5155AC} = {AFAAA81A-33BE-4E52-BDA9-41F1E431DF11}
		{72427F5C-4545-4771-9E54-F0B7A4D3F759} = {AFAAA81A-33BE-4E52-BDA9-41F1E431DF11}
	EndGlobalSection
	GlobalSection(ExtensibilityGlobals) = postSolution
		SolutionGuid = {D8EDEB28-BCD2-4B4B-A2C5-E256AD29A61C}
	EndGlobalSection
EndGlobal
