
Microsoft Visual Studio Solution File, Format Version 12.00
# Visual Studio Version 17
VisualStudioVersion = 17.0.31903.59
MinimumVisualStudioVersion = 10.0.40219.1
Project("{9A19103F-16F7-4668-BE54-9A1E7A4F7556}") = "CommonService", "CommonService\CommonService.csproj", "{CC565732-A62E-4573-AA8C-0A4513627394}"
EndProject
Project("{9A19103F-16F7-4668-BE54-9A1E7A4F7556}") = "ConfigurationService", "ConfigurationService\ConfigurationService.csproj", "{3E7D3A69-AFA7-4E8E-9D8F-2745A21F8D34}"
EndProject
Project("{9A19103F-16F7-4668-BE54-9A1E7A4F7556}") = "LoggingService", "LoggingService\LoggingService.csproj", "{1780B818-7FA4-408A-AD38-4380FCC16DD8}"
EndProject
Project("{9A19103F-16F7-4668-BE54-9A1E7A4F7556}") = "ModelService", "ModelService\ModelService.csproj", "{92FC545F-0F26-40DE-88CE-24798987E796}"
EndProject
Global
	GlobalSection(SolutionConfigurationPlatforms) = preSolution
		Debug|Any CPU = Debug|Any CPU
		Release|Any CPU = Release|Any CPU
	EndGlobalSection
	GlobalSection(ProjectConfigurationPlatforms) = postSolution
		{CC565732-A62E-4573-AA8C-0A4513627394}.Debug|Any CPU.ActiveCfg = Debug|Any CPU
		{CC565732-A62E-4573-AA8C-0A4513627394}.Debug|Any CPU.Build.0 = Debug|Any CPU
		{CC565732-A62E-4573-AA8C-0A4513627394}.Release|Any CPU.ActiveCfg = Release|Any CPU
		{CC565732-A62E-4573-AA8C-0A4513627394}.Release|Any CPU.Build.0 = Release|Any CPU
		{3E7D3A69-AFA7-4E8E-9D8F-2745A21F8D34}.Debug|Any CPU.ActiveCfg = Debug|Any CPU
		{3E7D3A69-AFA7-4E8E-9D8F-2745A21F8D34}.Debug|Any CPU.Build.0 = Debug|Any CPU
		{3E7D3A69-AFA7-4E8E-9D8F-2745A21F8D34}.Release|Any CPU.ActiveCfg = Release|Any CPU
		{3E7D3A69-AFA7-4E8E-9D8F-2745A21F8D34}.Release|Any CPU.Build.0 = Release|Any CPU
		{1780B818-7FA4-408A-AD38-4380FCC16DD8}.Debug|Any CPU.ActiveCfg = Debug|Any CPU
		{1780B818-7FA4-408A-AD38-4380FCC16DD8}.Debug|Any CPU.Build.0 = Debug|Any CPU
		{1780B818-7FA4-408A-AD38-4380FCC16DD8}.Release|Any CPU.ActiveCfg = Release|Any CPU
		{1780B818-7FA4-408A-AD38-4380FCC16DD8}.Release|Any CPU.Build.0 = Release|Any CPU
		{92FC545F-0F26-40DE-88CE-24798987E796}.Debug|Any CPU.ActiveCfg = Debug|Any CPU
		{92FC545F-0F26-40DE-88CE-24798987E796}.Debug|Any CPU.Build.0 = Debug|Any CPU
		{92FC545F-0F26-40DE-88CE-24798987E796}.Release|Any CPU.ActiveCfg = Release|Any CPU
		{92FC545F-0F26-40DE-88CE-24798987E796}.Release|Any CPU.Build.0 = Release|Any CPU
	EndGlobalSection
	GlobalSection(SolutionProperties) = preSolution
		HideSolutionNode = FALSE
	EndGlobalSection
	GlobalSection(ExtensibilityGlobals) = postSolution
		SolutionGuid = {9D190944-C97B-4AAD-A5E1-564BAA67157C}
	EndGlobalSection
EndGlobal
